
Microsoft Visual Studio Solution File, Format Version 12.00
Project("{FAE04EC0-301F-11D3-BF4B-00C04F79EFBC}") = "BankKata", "BankKata\BankKata.csproj", "{870794BB-C0E2-4117-BEE5-672F8FC4862A}"
EndProject
Project("{FAE04EC0-301F-11D3-BF4B-00C04F79EFBC}") = "BankKataTests", "BankKataTests\BankKataTests.csproj", "{310DD32F-C565-416F-A23C-37DF912739FA}"
EndProject
Global
	GlobalSection(SolutionConfigurationPlatforms) = preSolution
		Debug|Any CPU = Debug|Any CPU
		Release|Any CPU = Release|Any CPU
	EndGlobalSection
	GlobalSection(ProjectConfigurationPlatforms) = postSolution
		{870794BB-C0E2-4117-BEE5-672F8FC4862A}.Debug|Any CPU.ActiveCfg = Debug|Any CPU
		{870794BB-C0E2-4117-BEE5-672F8FC4862A}.Debug|Any CPU.Build.0 = Debug|Any CPU
		{870794BB-C0E2-4117-BEE5-672F8FC4862A}.Release|Any CPU.ActiveCfg = Release|Any CPU
		{870794BB-C0E2-4117-BEE5-672F8FC4862A}.Release|Any CPU.Build.0 = Release|Any CPU
		{310DD32F-C565-416F-A23C-37DF912739FA}.Debug|Any CPU.ActiveCfg = Debug|Any CPU
		{310DD32F-C565-416F-A23C-37DF912739FA}.Debug|Any CPU.Build.0 = Debug|Any CPU
		{310DD32F-C565-416F-A23C-37DF912739FA}.Release|Any CPU.ActiveCfg = Release|Any CPU
		{310DD32F-C565-416F-A23C-37DF912739FA}.Release|Any CPU.Build.0 = Release|Any CPU
	EndGlobalSection
EndGlobal
